
Microsoft Visual Studio Solution File, Format Version 12.00
# Visual Studio Version 17
VisualStudioVersion = 17.1.32210.238
MinimumVisualStudioVersion = 10.0.40219.1
Project("{FAE04EC0-301F-11D3-BF4B-00C04F79EFBC}") = "Kolekcije", "Kolekcije\Kolekcije.csproj", "{664D4D55-0DCD-488F-BB97-55D4C979DA4D}"
EndProject
Global
	GlobalSection(SolutionConfigurationPlatforms) = preSolution
		Debug|Any CPU = Debug|Any CPU
		Release|Any CPU = Release|Any CPU
	EndGlobalSection
	GlobalSection(ProjectConfigurationPlatforms) = postSolution
		{664D4D55-0DCD-488F-BB97-55D4C979DA4D}.Debug|Any CPU.ActiveCfg = Debug|Any CPU
		{664D4D55-0DCD-488F-BB97-55D4C979DA4D}.Debug|Any CPU.Build.0 = Debug|Any CPU
		{664D4D55-0DCD-488F-BB97-55D4C979DA4D}.Release|Any CPU.ActiveCfg = Release|Any CPU
		{664D4D55-0DCD-488F-BB97-55D4C979DA4D}.Release|Any CPU.Build.0 = Release|Any CPU
	EndGlobalSection
	GlobalSection(SolutionProperties) = preSolution
		HideSolutionNode = FALSE
	EndGlobalSection
	GlobalSection(ExtensibilityGlobals) = postSolution
		SolutionGuid = {5D7CB912-1ABA-4958-8C27-2868CB1A93A8}
	EndGlobalSection
EndGlobal
